
Microsoft Visual Studio Solution File, Format Version 12.00
# Visual Studio Version 17
VisualStudioVersion = 17.12.35514.174 d17.12
MinimumVisualStudioVersion = 10.0.40219.1
Project("{FAE04EC0-301F-11D3-BF4B-00C04F79EFBC}") = "FIRST_DOTNET_PROEJCT", "FIRST_DOTNET_PROEJCT\FIRST_DOTNET_PROEJCT.csproj", "{090E7524-A7EB-4F46-B5D0-F2DC34CB4070}"
EndProject
Global
	GlobalSection(SolutionConfigurationPlatforms) = preSolution
		Debug|Any CPU = Debug|Any CPU
		Release|Any CPU = Release|Any CPU
	EndGlobalSection
	GlobalSection(ProjectConfigurationPlatforms) = postSolution
		{090E7524-A7EB-4F46-B5D0-F2DC34CB4070}.Debug|Any CPU.ActiveCfg = Debug|Any CPU
		{090E7524-A7EB-4F46-B5D0-F2DC34CB4070}.Debug|Any CPU.Build.0 = Debug|Any CPU
		{090E7524-A7EB-4F46-B5D0-F2DC34CB4070}.Release|Any CPU.ActiveCfg = Release|Any CPU
		{090E7524-A7EB-4F46-B5D0-F2DC34CB4070}.Release|Any CPU.Build.0 = Release|Any CPU
	EndGlobalSection
	GlobalSection(SolutionProperties) = preSolution
		HideSolutionNode = FALSE
	EndGlobalSection
EndGlobal
